GEM
  remote: https://rubygems.org/
  specs:
    activemodel (7.2.3.1)
      activesupport (= 7.2.3.1)
    activerecord (7.2.3.1)
      activemodel (= 7.2.3.1)
      activesupport (= 7.2.3.1)
      timeout (>= 0.4.0)
    activesupport (7.2.3.1)
      base64
      benchmark (>= 0.3)
      bigdecimal
      concurrent-ruby (~> 1.0, >= 1.3.1)
      connection_pool (>= 2.2.5)
      drb
      i18n (>= 1.6, < 2)
      logger (>= 1.4.2)
      minitest (>= 5.1, < 6)
      securerandom (>= 0.3)
      tzinfo (~> 2.0, >= 2.0.5)
    base64 (0.3.0)
    bcrypt (3.1.22)
    benchmark (0.5.0)
    bigdecimal (4.1.2)
    concurrent-ruby (1.3.7)
    connection_pool (3.0.2)
    drb (2.2.3)
    google-protobuf (4.35.1)
      bigdecimal
      rake (~> 13.3)
    google-protobuf (4.35.1-aarch64-linux-gnu)
      bigdecimal
      rake (~> 13.3)
    google-protobuf (4.35.1-aarch64-linux-musl)
      bigdecimal
      rake (~> 13.3)
    google-protobuf (4.35.1-arm64-darwin)
      bigdecimal
      rake (~> 13.3)
    google-protobuf (4.35.1-x86-linux-gnu)
      bigdecimal
      rake (~> 13.3)
    google-protobuf (4.35.1-x86-linux-musl)
      bigdecimal
      rake (~> 13.3)
    google-protobuf (4.35.1-x86_64-darwin)
      bigdecimal
      rake (~> 13.3)
    google-protobuf (4.35.1-x86_64-linux-gnu)
      bigdecimal
      rake (~> 13.3)
    google-protobuf (4.35.1-x86_64-linux-musl)
      bigdecimal
      rake (~> 13.3)
    googleapis-common-protos-types (1.23.0)
      google-protobuf (~> 4.26)
    i18n (1.15.2)
      concurrent-ruby (~> 1.0)
    json (2.20.0)
    jwt (2.10.3)
      base64
    logger (1.7.0)
    minitest (5.27.0)
    multi_json (1.21.1)
    mustermann (3.1.1)
    mysql2 (0.5.7)
      bigdecimal
    nio4r (2.7.5)
    opentelemetry-api (1.8.0)
      logger
    opentelemetry-common (0.23.0)
      opentelemetry-api (~> 1.0)
    opentelemetry-exporter-otlp (0.32.0)
      google-protobuf (>= 3.18)
      googleapis-common-protos-types (~> 1.3)
      opentelemetry-api (~> 1.1)
      opentelemetry-common (~> 0.20)
      opentelemetry-sdk (~> 1.10)
      opentelemetry-semantic_conventions
    opentelemetry-instrumentation-active_record (0.11.1)
      opentelemetry-instrumentation-base (~> 0.25)
    opentelemetry-instrumentation-base (0.25.0)
      opentelemetry-api (~> 1.7)
      opentelemetry-common (~> 0.21)
      opentelemetry-registry (~> 0.1)
    opentelemetry-instrumentation-rack (0.30.0)
      opentelemetry-instrumentation-base (~> 0.25)
    opentelemetry-instrumentation-sinatra (0.29.0)
      opentelemetry-instrumentation-rack (~> 0.29)
    opentelemetry-registry (0.4.0)
      opentelemetry-api (~> 1.1)
    opentelemetry-sdk (1.10.0)
      opentelemetry-api (~> 1.1)
      opentelemetry-common (~> 0.20)
      opentelemetry-registry (~> 0.2)
      opentelemetry-semantic_conventions
    opentelemetry-semantic_conventions (1.36.0)
      opentelemetry-api (~> 1.0)
    prometheus-client (4.2.5)
      base64
    puma (7.2.1)
      nio4r (~> 2.0)
    rack (2.2.23)
    rack-cors (2.0.2)
      rack (>= 2.0.0)
    rack-protection (3.2.0)
      base64 (>= 0.1.0)
      rack (~> 2.2, >= 2.2.4)
    rake (13.4.2)
    securerandom (0.4.1)
    sinatra (3.2.0)
      mustermann (~> 3.0)
      rack (~> 2.2, >= 2.2.4)
      rack-protection (= 3.2.0)
      tilt (~> 2.0)
    sinatra-activerecord (2.0.28)
      activerecord (>= 4.1)
      sinatra (>= 1.0)
    sinatra-contrib (3.2.0)
      multi_json (>= 0.0.2)
      mustermann (~> 3.0)
      rack-protection (= 3.2.0)
      sinatra (= 3.2.0)
      tilt (~> 2.0)
    tilt (2.7.0)
    timeout (0.6.1)
    tzinfo (2.0.6)
      concurrent-ruby (~> 1.0)

PLATFORMS
  aarch64-linux-gnu
  aarch64-linux-musl
  arm64-darwin
  ruby
  x86-linux-gnu
  x86-linux-musl
  x86_64-darwin
  x86_64-linux-gnu
  x86_64-linux-musl

DEPENDENCIES
  activerecord (~> 7.1)
  bcrypt (~> 3.1)
  json (~> 2.7)
  jwt (~> 2.7)
  mysql2 (~> 0.5)
  opentelemetry-exporter-otlp (~> 0.26)
  opentelemetry-instrumentation-active_record (~> 0.7)
  opentelemetry-instrumentation-sinatra (~> 0.22)
  opentelemetry-sdk (~> 1.3)
  prometheus-client (~> 4.1)
  puma (~> 7.2, >= 7.2.1)
  rack-cors (~> 2.0)
  rake (~> 13.0)
  sinatra (~> 3.1)
  sinatra-activerecord (~> 2.0)
  sinatra-contrib (~> 3.1)

CHECKSUMS
  activemodel (7.2.3.1) sha256=39e1869b85e7a0b64a8ccddf19f3fb0c44261b329785384bb88f878eab51c0d0
  activerecord (7.2.3.1) sha256=b89513e275da5b34183c5f2a497c154b02dcc7c811d399ab557e67e36170a05d
  activesupport (7.2.3.1) sha256=11ebed516a43a0bb47346227a35ebae4d9427465a7c9eb197a03d5c8d283cb34
  base64 (0.3.0) sha256=27337aeabad6ffae05c265c450490628ef3ebd4b67be58257393227588f5a97b
  bcrypt (3.1.22) sha256=1f0072e88c2d705d94aff7f2c5cb02eb3f1ec4b8368671e19112527489f29032
  benchmark (0.5.0) sha256=465df122341aedcb81a2a24b4d3bd19b6c67c1530713fd533f3ff034e419236c
  bigdecimal (4.1.2) sha256=53d217666027eab4280346fba98e7d5b66baaae1b9c3c1c0ffe89d48188a3fbd
  bundler (4.0.15) sha256=a4ceb882fe94a0e0ac63cd0813932bbfd631a14e5ac0b7975189b19a4d28d9e7
  concurrent-ruby (1.3.7) sha256=4412caec3a5ea2e5fdc52076724c071a81f2c0593d83b2ac8cbb8ca63b3151b0
  connection_pool (3.0.2) sha256=33fff5ba71a12d2aa26cb72b1db8bba2a1a01823559fb01d29eb74c286e62e0a
  drb (2.2.3) sha256=0b00d6fdb50995fe4a45dea13663493c841112e4068656854646f418fda13373
  google-protobuf (4.35.1) sha256=a3a6471331d918f58dfa4d014a8f6286f0af2cf4840216bde52fcf2ea3fe3726
  google-protobuf (4.35.1-aarch64-linux-gnu) sha256=50ca44d0eeff3f8475e630a1accdd974256f3510694d574e2c9d6119ea8bc9e1
  google-protobuf (4.35.1-aarch64-linux-musl) sha256=d5c65cef6bd6498a9e5ed5f88cf6cf7e341c10b0a005e32137d5d1a2b6e8c18a
  google-protobuf (4.35.1-arm64-darwin) sha256=d9c957df04fa89c749fa9a72a7b383eb4296efc9b2303dc6fd6fbe39c698ad6b
  google-protobuf (4.35.1-x86-linux-gnu) sha256=cc7492566b27ad8b5dfa3a7b6f9b11e905050cc53c2fa8ff22de375a9e7a70fb
  google-protobuf (4.35.1-x86-linux-musl) sha256=ab403790b59e4dc588ffbed1eaacf05d4ca2f0d12ac9c13d6c64e69380d8c99e
  google-protobuf (4.35.1-x86_64-darwin) sha256=66b62b4df00931018a692806df66393efa960d6d2b7da69735187249f950d3ee
  google-protobuf (4.35.1-x86_64-linux-gnu) sha256=c786439087512a3fbd199e9897d265b855f951d4027e218ea55e858d45969edd
  google-protobuf (4.35.1-x86_64-linux-musl) sha256=91890eb0002934a339fdb7d77a147c46b7474b6799db27872b747b905837f744
  googleapis-common-protos-types (1.23.0) sha256=992e740a523794d9fc5f29a504465d8fc737aaa16c930fe7228e3346860faf0a
  i18n (1.15.2) sha256=00f9eb62412fe593b2a65a97daa75300d37abb8f7202ec748e94b6d46a9dd1b5
  json (2.20.0) sha256=9362bc6e55a952b056abf9167cf053358181c904cb70cd6eee0808ea830fc32b
  jwt (2.10.3) sha256=e4d9352fbc7309b1a7448c7dd713dfe4d8c47077af80759cdbed8f878ea0b484
  logger (1.7.0) sha256=196edec7cc44b66cfb40f9755ce11b392f21f7967696af15d274dde7edff0203
  minitest (5.27.0) sha256=2d3b17f8a36fe7801c1adcffdbc38233b938eb0b4966e97a6739055a45fa77d5
  multi_json (1.21.1) sha256=e6126a31808e3b4d19f483c775ceac34df190dffa62adfb63a165ee14ba68080
  mustermann (3.1.1) sha256=4c6170c7234d5499c345562ba7c7dfe73e1754286dcc1abb053064d66a127198
  mysql2 (0.5.7) sha256=ba09ede515a0ae8a7192040a1b778c0fb0f025fa5877e9be895cd325fa5e9d7b
  nio4r (2.7.5) sha256=6c90168e48fb5f8e768419c93abb94ba2b892a1d0602cb06eef16d8b7df1dca1
  opentelemetry-api (1.8.0) sha256=3af51183daf0f56a164bc1579782245be70a40678566b9a393cbe5af28ea87c6
  opentelemetry-common (0.23.0) sha256=da721190479d57bae0ad2207468f47f3e2c3b9a91024b5bc32c9d280183eb32c
  opentelemetry-exporter-otlp (0.32.0) sha256=fd4c77a07bb96919e8ff8bbd19ed96d07cac1e368d8e920af2bf2ab02bfb1ec3
  opentelemetry-instrumentation-active_record (0.11.1) sha256=1b083f34eea0449f8d6f4370b3fb4b935757fac6e4e538e67bb98211809e7c92
  opentelemetry-instrumentation-base (0.25.0) sha256=642a3a7f08354e6e969423327a4fa67ed2cca7ac6fe5ee09e55b17d1c576da27
  opentelemetry-instrumentation-rack (0.30.0) sha256=30a54f7b44d4b91839622a20eb0b25a7c47084b37c2b03cfc149bfc4ef62303c
  opentelemetry-instrumentation-sinatra (0.29.0) sha256=08595fec08d198df581d96aceb4b27998b84431e44a679950af7d00ab6559bdb
  opentelemetry-registry (0.4.0) sha256=903fa6bfaa29eac1c1d73a4fdd29b850977b5353b84b8cdff11222c00ad2968f
  opentelemetry-sdk (1.10.0) sha256=43719949be8df24dcaeb86ebbf75636cda87d51a01af2729499b92a48b80521a
  opentelemetry-semantic_conventions (1.36.0) sha256=c1b1607dbc7853aac7f9e23f6e8b76969c45b07f2b812a4aa4383c19a3b0f617
  prometheus-client (4.2.5) sha256=807bebc3e92ccd9f4d814d90be15e85338f3708d227badf80924ef3f6e7d5225
  puma (7.2.1) sha256=d7bf0e9cabd532e0d401e142cd94e3ac531e993610e2d80e6fbf9c26961414b0
  rack (2.2.23) sha256=a8fe9d7e07064770b8ec123663fded8a59ef7e2b6db5cda7173d45a5718ab69c
  rack-cors (2.0.2) sha256=415d4e1599891760c5dc9ef0349c7fecdf94f7c6a03e75b2e7c2b54b82adda1b
  rack-protection (3.2.0) sha256=3c74ba7fc59066453d61af9bcba5b6fe7a9b3dab6f445418d3b391d5ea8efbff
  rake (13.4.2) sha256=cb825b2bd5f1f8e91ca37bddb4b9aaf345551b4731da62949be002fa89283701
  securerandom (0.4.1) sha256=cc5193d414a4341b6e225f0cb4446aceca8e50d5e1888743fac16987638ea0b1
  sinatra (3.2.0) sha256=6e727f4d034e87067d9aab37f328021d7c16722ffd293ef07b6e968915109807
  sinatra-activerecord (2.0.28) sha256=99f352c2dfa244d02b4f877efbe00135360b758390b8bb7bc2d4d91171c93811
  sinatra-contrib (3.2.0) sha256=0c32a9e1eb2c22e9b597c044fedde0803f6779aaa7090d074455ad83aaf1efc1
  tilt (2.7.0) sha256=0d5b9ba69f6a36490c64b0eee9f6e9aad517e20dcc848800a06eb116f08c6ab3
  timeout (0.6.1) sha256=78f57368a7e7bbadec56971f78a3f5ecbcfb59b7fcbb0a3ed6ddc08a5094accb
  tzinfo (2.0.6) sha256=8daf828cc77bcf7d63b0e3bdb6caa47e2272dcfaf4fbfe46f8c3a9df087a829b

BUNDLED WITH
  4.0.15
